
Microsoft Visual Studio Solution File, Format Version 12.00
# Visual Studio 15
VisualStudioVersion = 15.0.27703.2026
MinimumVisualStudioVersion = 10.0.40219.1
Project("{FAE04EC0-301F-11D3-BF4B-00C04F79EFBC}") = "BookStore.API", "BookStore\BookStore.API.csproj", "{BB62F57F-0894-4E0C-8E6F-70D928ABEF40}"
EndProject
Project("{FAE04EC0-301F-11D3-BF4B-00C04F79EFBC}") = "BookStore.DAL", "BookStore.DAL\BookStore.DAL.csproj", "{7EDC0750-C286-44C5-B402-B788526B15E2}"
EndProject
Project("{FAE04EC0-301F-11D3-BF4B-00C04F79EFBC}") = "BookStore.BLL", "BookStore.BLL\BookStore.BLL.csproj", "{B22BE4C7-FB67-418B-95D9-8D264C775676}"
EndProject
Project("{FAE04EC0-301F-11D3-BF4B-00C04F79EFBC}") = "BookStore.Entity", "BookStore.Entity\BookStore.Entity.csproj", "{343CD818-014F-44FC-AD90-E2E4F4B15994}"
EndProject
Project("{FAE04EC0-301F-11D3-BF4B-00C04F79EFBC}") = "BookStore.Common", "BookStore.Common\BookStore.Common.csproj", "{12F83D8E-A3C1-481A-B7AA-C027D6CE1770}"
EndProject
Global
	GlobalSection(SolutionConfigurationPlatforms) = preSolution
		Debug|Any CPU = Debug|Any CPU
		Release|Any CPU = Release|Any CPU
	EndGlobalSection
	GlobalSection(ProjectConfigurationPlatforms) = postSolution
		{BB62F57F-0894-4E0C-8E6F-70D928ABEF40}.Debug|Any CPU.ActiveCfg = Debug|Any CPU
		{BB62F57F-0894-4E0C-8E6F-70D928ABEF40}.Debug|Any CPU.Build.0 = Debug|Any CPU
		{BB62F57F-0894-4E0C-8E6F-70D928ABEF40}.Release|Any CPU.ActiveCfg = Release|Any CPU
		{BB62F57F-0894-4E0C-8E6F-70D928ABEF40}.Release|Any CPU.Build.0 = Release|Any CPU
		{7EDC0750-C286-44C5-B402-B788526B15E2}.Debug|Any CPU.ActiveCfg = Debug|Any CPU
		{7EDC0750-C286-44C5-B402-B788526B15E2}.Debug|Any CPU.Build.0 = Debug|Any CPU
		{7EDC0750-C286-44C5-B402-B788526B15E2}.Release|Any CPU.ActiveCfg = Release|Any CPU
		{7EDC0750-C286-44C5-B402-B788526B15E2}.Release|Any CPU.Build.0 = Release|Any CPU
		{B22BE4C7-FB67-418B-95D9-8D264C775676}.Debug|Any CPU.ActiveCfg = Debug|Any CPU
		{B22BE4C7-FB67-418B-95D9-8D264C775676}.Debug|Any CPU.Build.0 = Debug|Any CPU
		{B22BE4C7-FB67-418B-95D9-8D264C775676}.Release|Any CPU.ActiveCfg = Release|Any CPU
		{B22BE4C7-FB67-418B-95D9-8D264C775676}.Release|Any CPU.Build.0 = Release|Any CPU
		{343CD818-014F-44FC-AD90-E2E4F4B15994}.Debug|Any CPU.ActiveCfg = Debug|Any CPU
		{343CD818-014F-44FC-AD90-E2E4F4B15994}.Debug|Any CPU.Build.0 = Debug|Any CPU
		{343CD818-014F-44FC-AD90-E2E4F4B15994}.Release|Any CPU.ActiveCfg = Release|Any CPU
		{343CD818-014F-44FC-AD90-E2E4F4B15994}.Release|Any CPU.Build.0 = Release|Any CPU
		{12F83D8E-A3C1-481A-B7AA-C027D6CE1770}.Debug|Any CPU.ActiveCfg = Debug|Any CPU
		{12F83D8E-A3C1-481A-B7AA-C027D6CE1770}.Debug|Any CPU.Build.0 = Debug|Any CPU
		{12F83D8E-A3C1-481A-B7AA-C027D6CE1770}.Release|Any CPU.ActiveCfg = Release|Any CPU
		{12F83D8E-A3C1-481A-B7AA-C027D6CE1770}.Release|Any CPU.Build.0 = Release|Any CPU
	EndGlobalSection
	GlobalSection(SolutionProperties) = preSolution
		HideSolutionNode = FALSE
	EndGlobalSection
	GlobalSection(ExtensibilityGlobals) = postSolution
		SolutionGuid = {818E9D78-DD93-482D-B223-B61A6B62F42A}
	EndGlobalSection
EndGlobal
